
Microsoft Visual Studio Solution File, Format Version 12.00
# Visual Studio Version 17
VisualStudioVersion = 17.0.31903.59
MinimumVisualStudioVersion = 10.0.40219.1
Project("{2150E333-8FDC-42A3-9474-1A3956D46DE8}") = "L58", "L58", "{86267832-0D87-43C7-91D2-C0799C884DAC}"
EndProject
Project("{FAE04EC0-301F-11D3-BF4B-00C04F79EFBC}") = "cSharp", "L58\cSharp\cSharp.csproj", "{04D798BA-9917-470B-8393-EA35A38999CF}"
EndProject
Global
	GlobalSection(SolutionConfigurationPlatforms) = preSolution
		Debug|Any CPU = Debug|Any CPU
		Release|Any CPU = Release|Any CPU
	EndGlobalSection
	GlobalSection(SolutionProperties) = preSolution
		HideSolutionNode = FALSE
	EndGlobalSection
	GlobalSection(ProjectConfigurationPlatforms) = postSolution
		{04D798BA-9917-470B-8393-EA35A38999CF}.Debug|Any CPU.ActiveCfg = Debug|Any CPU
		{04D798BA-9917-470B-8393-EA35A38999CF}.Debug|Any CPU.Build.0 = Debug|Any CPU
		{04D798BA-9917-470B-8393-EA35A38999CF}.Release|Any CPU.ActiveCfg = Release|Any CPU
		{04D798BA-9917-470B-8393-EA35A38999CF}.Release|Any CPU.Build.0 = Release|Any CPU
	EndGlobalSection
	GlobalSection(NestedProjects) = preSolution
		{04D798BA-9917-470B-8393-EA35A38999CF} = {86267832-0D87-43C7-91D2-C0799C884DAC}
	EndGlobalSection
EndGlobal
